// !$*UTF8*$!
{
	archiveVersion = 1;
	classes = {
	};
	objectVersion = 55;
	objects = {

/* Begin PBXBuildFile section */
		3277BD3C27DD2AAD0082BD2A /* CreationViewController.swift in Sources */ = {isa = PBXBuildFile; fileRef = 3277BD3B27DD2AAD0082BD2A /* CreationViewController.swift */; };
		32F9FE5727CAA8FE00363642 /* AppDelegate.swift in Sources */ = {isa = PBXBuildFile; fileRef = 32F9FE5627CAA8FE00363642 /* AppDelegate.swift */; };
		32F9FE5927CAA8FE00363642 /* SceneDelegate.swift in Sources */ = {isa = PBXBuildFile; fileRef = 32F9FE5827CAA8FE00363642 /* SceneDelegate.swift */; };
		32F9FE5B27CAA8FE00363642 /* ViewController.swift in Sources */ = {isa = PBXBuildFile; fileRef = 32F9FE5A27CAA8FE00363642 /* ViewController.swift */; };
		32F9FE5E27CAA8FE00363642 /* Main.storyboard in Resources */ = {isa = PBXBuildFile; fileRef = 32F9FE5C27CAA8FE00363642 /* Main.storyboard */; };
		32F9FE6027CAA8FF00363642 /* Assets.xcassets in Resources */ = {isa = PBXBuildFile; fileRef = 32F9FE5F27CAA8FF00363642 /* Assets.xcassets */; };
		32F9FE6327CAA8FF00363642 /* LaunchScreen.storyboard in Resources */ = {isa = PBXBuildFile; fileRef = 32F9FE6127CAA8FF00363642 /* LaunchScreen.storyboard */; };
		32F9FE6E27CAA8FF00363642 /* FlashcardsTests.swift in Sources */ = {isa = PBXBuildFile; fileRef = 32F9FE6D27CAA8FF00363642 /* FlashcardsTests.swift */; };
		32F9FE7827CAA8FF00363642 /* FlashcardsUITests.swift in Sources */ = {isa = PBXBuildFile; fileRef = 32F9FE7727CAA8FF00363642 /* FlashcardsUITests.swift */; };
		32F9FE7A27CAA8FF00363642 /* FlashcardsUITestsLaunchTests.swift in Sources */ = {isa = PBXBuildFile; fileRef = 32F9FE7927CAA8FF00363642 /* FlashcardsUITestsLaunchTests.swift */; };
/* End PBXBuildFile section */

/* Begin PBXContainerItemProxy section */
		32F9FE6A27CAA8FF00363642 /* PBXContainerItemProxy */ = {
			isa = PBXContainerItemProxy;
			containerPortal = 32F9FE4B27CAA8FE00363642 /* Project object */;
			proxyType = 1;
			remoteGlobalIDString = 32F9FE5227CAA8FE00363642;
			remoteInfo = Flashcards;
		};
		32F9FE7427CAA8FF00363642 /* PBXContainerItemProxy */ = {
			isa = PBXContainerItemProxy;
			containerPortal = 32F9FE4B27CAA8FE00363642 /* Project object */;
			proxyType = 1;
			remoteGlobalIDString = 32F9FE5227CAA8FE00363642;
			remoteInfo = Flashcards;
		};
/* End PBXContainerItemProxy section */

/* Begin PBXFileReference section */
		3277BD3B27DD2AAD0082BD2A /* CreationViewController.swift */ = {isa = PBXFileReference; lastKnownFileType = sourcecode.swift; path = CreationViewController.swift; sourceTree = "<group>"; };
		32F6A5AC27E31123007C45B8 /* README.md */ = {isa = PBXFileReference; lastKnownFileType = net.daringfireball.markdown; path = README.md; sourceTree = SOURCE_ROOT; };
		32F9FE5327CAA8FE00363642 /* Flashcards.app */ = {isa = PBXFileReference; explicitFileType = wrapper.application; includeInIndex = 0; path = Flashcards.app; sourceTree = BUILT_PRODUCTS_DIR; };
		32F9FE5627CAA8FE00363642 /* AppDelegate.swift */ = {isa = PBXFileReference; lastKnownFileType = sourcecode.swift; path = AppDelegate.swift; sourceTree = "<group>"; };
		32F9FE5827CAA8FE00363642 /* SceneDelegate.swift */ = {isa = PBXFileReference; lastKnownFileType = sourcecode.swift; path = SceneDelegate.swift; sourceTree = "<group>"; };
		32F9FE5A27CAA8FE00363642 /* ViewController.swift */ = {isa = PBXFileReference; lastKnownFileType = sourcecode.swift; path = ViewController.swift; sourceTree = "<group>"; };
		32F9FE5D27CAA8FE00363642 /* Base */ = {isa = PBXFileReference; lastKnownFileType = file.storyboard; name = Base; path = Base.lproj/Main.storyboard; sourceTree = "<group>"; };
		32F9FE5F27CAA8FF00363642 /* Assets.xcassets */ = {isa = PBXFileReference; lastKnownFileType = folder.assetcatalog; path = Assets.xcassets; sourceTree = "<group>"; };
		32F9FE6227CAA8FF00363642 /* Base */ = {isa = PBXFileReference; lastKnownFileType = file.storyboard; name = Base; path = Base.lproj/LaunchScreen.storyboard; sourceTree = "<group>"; };
		32F9FE6427CAA8FF00363642 /* Info.plist */ = {isa = PBXFileReference; lastKnownFileType = text.plist.xml; path = Info.plist; sourceTree = "<group>"; };
		32F9FE6927CAA8FF00363642 /* FlashcardsTests.xctest */ = {isa = PBXFileReference; explicitFileType = wrapper.cfbundle; includeInIndex = 0; path = FlashcardsTests.xctest; sourceTree = BUILT_PRODUCTS_DIR; };
		32F9FE6D27CAA8FF00363642 /* FlashcardsTests.swift */ = {isa = PBXFileReference; lastKnownFileType = sourcecode.swift; path = FlashcardsTests.swift; sourceTree = "<group>"; };
		32F9FE7327CAA8FF00363642 /* FlashcardsUITests.xctest */ = {isa = PBXFileReference; explicitFileType = wrapper.cfbundle; includeInIndex = 0; path = FlashcardsUITests.xctest; sourceTree = BUILT_PRODUCTS_DIR; };
		32F9FE7727CAA8FF00363642 /* FlashcardsUITests.swift */ = {isa = PBXFileReference; lastKnownFileType = sourcecode.swift; path = FlashcardsUITests.swift; sourceTree = "<group>"; };
		32F9FE7927CAA8FF00363642 /* FlashcardsUITestsLaunchTests.swift */ = {isa = PBXFileReference; lastKnownFileType = sourcecode.swift; path = FlashcardsUITestsLaunchTests.swift; sourceTree = "<group>"; };
/* End PBXFileReference section */

/* Begin PBXFrameworksBuildPhase section */
		32F9FE5027CAA8FE00363642 /* Frameworks */ = {
			isa = PBXFrameworksBuildPhase;
			buildActionMask = 2147483647;
			files = (
			);
			runOnlyForDeploymentPostprocessing = 0;
		};
		32F9FE6627CAA8FF00363642 /* Frameworks */ = {
			isa = PBXFrameworksBuildPhase;
			buildActionMask = 2147483647;
			files = (
			);
			runOnlyForDeploymentPostprocessing = 0;
		};
		32F9FE7027CAA8FF00363642 /* Frameworks */ = {
			isa = PBXFrameworksBuildPhase;
			buildActionMask = 2147483647;
			files = (
			);
			runOnlyForDeploymentPostprocessing = 0;
		};
/* End PBXFrameworksBuildPhase section */

/* Begin PBXGroup section */
		32F9FE4A27CAA8FE00363642 = {
			isa = PBXGroup;
			children = (
				32F6A5AC27E31123007C45B8 /* README.md */,
				32F9FE5527CAA8FE00363642 /* Flashcards */,
				32F9FE6C27CAA8FF00363642 /* FlashcardsTests */,
				32F9FE7627CAA8FF00363642 /* FlashcardsUITests */,
				32F9FE5427CAA8FE00363642 /* Products */,
			);
			sourceTree = "<group>";
		};
		32F9FE5427CAA8FE00363642 /* Products */ = {
			isa = PBXGroup;
			children = (
				32F9FE5327CAA8FE00363642 /* Flashcards.app */,
				32F9FE6927CAA8FF00363642 /* FlashcardsTests.xctest */,
				32F9FE7327CAA8FF00363642 /* FlashcardsUITests.xctest */,
			);
			name = Products;
			sourceTree = "<group>";
		};
		32F9FE5527CAA8FE00363642 /* Flashcards */ = {
			isa = PBXGroup;
			children = (
				32F9FE5627CAA8FE00363642 /* AppDelegate.swift */,
				32F9FE5827CAA8FE00363642 /* SceneDelegate.swift */,
				32F9FE5A27CAA8FE00363642 /* ViewController.swift */,
				32F9FE5C27CAA8FE00363642 /* Main.storyboard */,
				3277BD3B27DD2AAD0082BD2A /* CreationViewController.swift */,
				32F9FE5F27CAA8FF00363642 /* Assets.xcassets */,
				32F9FE6127CAA8FF00363642 /* LaunchScreen.storyboard */,
				32F9FE6427CAA8FF00363642 /* Info.plist */,
			);
			path = Flashcards;
			sourceTree = "<group>";
		};
		32F9FE6C27CAA8FF00363642 /* FlashcardsTests */ = {
			isa = PBXGroup;
			children = (
				32F9FE6D27CAA8FF00363642 /* FlashcardsTests.swift */,
			);
			path = FlashcardsTests;
			sourceTree = "<group>";
		};
		32F9FE7627CAA8FF00363642 /* FlashcardsUITests */ = {
			isa = PBXGroup;
			children = (
				32F9FE7727CAA8FF00363642 /* FlashcardsUITests.swift */,
				32F9FE7927CAA8FF00363642 /* FlashcardsUITestsLaunchTests.swift */,
			);
			path = FlashcardsUITests;
			sourceTree = "<group>";
		};
/* End PBXGroup section */

/* Begin PBXNativeTarget section */
		32F9FE5227CAA8FE00363642 /* Flashcards */ = {
			isa = PBXNativeTarget;
			buildConfigurationList = 32F9FE7D27CAA8FF00363642 /* Build configuration list for PBXNativeTarget "Flashcards" */;
			buildPhases = (
				32F9FE4F27CAA8FE00363642 /* Sources */,
				32F9FE5027CAA8FE00363642 /* Frameworks */,
				32F9FE5127CAA8FE00363642 /* Resources */,
			);
			buildRules = (
			);
			dependencies = (
			);
			name = Flashcards;
			productName = Flashcards;
			productReference = 32F9FE5327CAA8FE00363642 /* Flashcards.app */;
			productType = "com.apple.product-type.application";
		};
		32F9FE6827CAA8FF00363642 /* FlashcardsTests */ = {
			isa = PBXNativeTarget;
			buildConfigurationList = 32F9FE8027CAA8FF00363642 /* Build configuration list for PBXNativeTarget "FlashcardsTests" */;
			buildPhases = (
				32F9FE6527CAA8FF00363642 /* Sources */,
				32F9FE6627CAA8FF00363642 /* Frameworks */,
				32F9FE6727CAA8FF00363642 /* Resources */,
			);
			buildRules = (
			);
			dependencies = (
				32F9FE6B27CAA8FF00363642 /* PBXTargetDependency */,
			);
			name = FlashcardsTests;
			productName = FlashcardsTests;
			productReference = 32F9FE6927CAA8FF00363642 /* FlashcardsTests.xctest */;
			productType = "com.apple.product-type.bundle.unit-test";
		};
		32F9FE7227CAA8FF00363642 /* FlashcardsUITests */ = {
			isa = PBXNativeTarget;
			buildConfigurationList = 32F9FE8327CAA8FF00363642 /* Build configuration list for PBXNativeTarget "FlashcardsUITests" */;
			buildPhases = (
				32F9FE6F27CAA8FF00363642 /* Sources */,
				32F9FE7027CAA8FF00363642 /* Frameworks */,
				32F9FE7127CAA8FF00363642 /* Resources */,
			);
			buildRules = (
			);
			dependencies = (
				32F9FE7527CAA8FF00363642 /* PBXTargetDependency */,
			);
			name = FlashcardsUITests;
			productName = FlashcardsUITests;
			productReference = 32F9FE7327CAA8FF00363642 /* FlashcardsUITests.xctest */;
			productType = "com.apple.product-type.bundle.ui-testing";
		};
/* End PBXNativeTarget section */

/* Begin PBXProject section */
		32F9FE4B27CAA8FE00363642 /* Project object */ = {
			isa = PBXProject;
			attributes = {
				BuildIndependentTargetsInParallel = 1;
				LastSwiftUpdateCheck = 1320;
				LastUpgradeCheck = 1320;
				TargetAttributes = {
					32F9FE5227CAA8FE00363642 = {
						CreatedOnToolsVersion = 13.2.1;
					};
					32F9FE6827CAA8FF00363642 = {
						CreatedOnToolsVersion = 13.2.1;
						TestTargetID = 32F9FE5227CAA8FE00363642;
					};
					32F9FE7227CAA8FF00363642 = {
						CreatedOnToolsVersion = 13.2.1;
						TestTargetID = 32F9FE5227CAA8FE00363642;
					};
				};
			};
			buildConfigurationList = 32F9FE4E27CAA8FE00363642 /* Build configuration list for PBXProject "Flashcards" */;
			compatibilityVersion = "Xcode 13.0";
			developmentRegion = en;
			hasScannedForEncodings = 0;
			knownRegions = (
				en,
				Base,
			);
			mainGroup = 32F9FE4A27CAA8FE00363642;
			productRefGroup = 32F9FE5427CAA8FE00363642 /* Products */;
			projectDirPath = "";
			projectRoot = "";
			targets = (
				32F9FE5227CAA8FE00363642 /* Flashcards */,
				32F9FE6827CAA8FF00363642 /* FlashcardsTests */,
				32F9FE7227CAA8FF00363642 /* FlashcardsUITests */,
			);
		};
/* End PBXProject section */

/* Begin PBXResourcesBuildPhase section */
		32F9FE5127CAA8FE00363642 /* Resources */ = {
			isa = PBXResourcesBuildPhase;
			buildActionMask = 2147483647;
			files = (
				32F9FE6327CAA8FF00363642 /* LaunchScreen.storyboard in Resources */,
				32F9FE6027CAA8FF00363642 /* Assets.xcassets in Resources */,
				32F9FE5E27CAA8FE00363642 /* Main.storyboard in Resources */,
			);
			runOnlyForDeploymentPostprocessing = 0;
		};
		32F9FE6727CAA8FF00363642 /* Resources */ = {
			isa = PBXResourcesBuildPhase;
			buildActionMask = 2147483647;
			files = (
			);
			runOnlyForDeploymentPostprocessing = 0;
		};
		32F9FE7127CAA8FF00363642 /* Resources */ = {
			isa = PBXResourcesBuildPhase;
			buildActionMask = 2147483647;
			files = (
			);
			runOnlyForDeploymentPostprocessing = 0;
		};
/* End PBXResourcesBuildPhase section */

/* Begin PBXSourcesBuildPhase section */
		32F9FE4F27CAA8FE00363642 /* Sources */ = {
			isa = PBXSourcesBuildPhase;
			buildActionMask = 2147483647;
			files = (
				32F9FE5B27CAA8FE00363642 /* ViewController.swift in Sources */,
				32F9FE5727CAA8FE00363642 /* AppDelegate.swift in Sources */,
				32F9FE5927CAA8FE00363642 /* SceneDelegate.swift in Sources */,
				3277BD3C27DD2AAD0082BD2A /* CreationViewController.swift in Sources */,
			);
			runOnlyForDeploymentPostprocessing = 0;
		};
		32F9FE6527CAA8FF00363642 /* Sources */ = {
			isa = PBXSourcesBuildPhase;
			buildActionMask = 2147483647;
			files = (
				32F9FE6E27CAA8FF00363642 /* FlashcardsTests.swift in Sources */,
			);
			runOnlyForDeploymentPostprocessing = 0;
		};
		32F9FE6F27CAA8FF00363642 /* Sources */ = {
			isa = PBXSourcesBuildPhase;
			buildActionMask = 2147483647;
			files = (
				32F9FE7827CAA8FF00363642 /* FlashcardsUITests.swift in Sources */,
				32F9FE7A27CAA8FF00363642 /* FlashcardsUITestsLaunchTests.swift in Sources */,
			);
			runOnlyForDeploymentPostprocessing = 0;
		};
/* End PBXSourcesBuildPhase section */

/* Begin PBXTargetDependency section */
		32F9FE6B27CAA8FF00363642 /* PBXTargetDependency */ = {
			isa = PBXTargetDependency;
			target = 32F9FE5227CAA8FE00363642 /* Flashcards */;
			targetProxy = 32F9FE6A27CAA8FF00363642 /* PBXContainerItemProxy */;
		};
		32F9FE7527CAA8FF00363642 /* PBXTargetDependency */ = {
			isa = PBXTargetDependency;
			target = 32F9FE5227CAA8FE00363642 /* Flashcards */;
			targetProxy = 32F9FE7427CAA8FF00363642 /* PBXContainerItemProxy */;
		};
/* End PBXTargetDependency section */

/* Begin PBXVariantGroup section */
		32F9FE5C27CAA8FE00363642 /* Main.storyboard */ = {
			isa = PBXVariantGroup;
			children = (
				32F9FE5D27CAA8FE00363642 /* Base */,
			);
			name = Main.storyboard;
			sourceTree = "<group>";
		};
		32F9FE6127CAA8FF00363642 /* LaunchScreen.storyboard */ = {
			isa = PBXVariantGroup;
			children = (
				32F9FE6227CAA8FF00363642 /* Base */,
			);
			name = LaunchScreen.storyboard;
			sourceTree = "<group>";
		};
/* End PBXVariantGroup section */

/* Begin XCBuildConfiguration section */
		32F9FE7B27CAA8FF00363642 /* Debug */ = {
			isa = XCBuildConfiguration;
			buildSettings = {
				ALWAYS_SEARCH_USER_PATHS = NO;
				CLANG_ANALYZER_NONNULL = YES;
				CLANG_ANALYZER_NUMBER_OBJECT_CONVERSION = YES_AGGRESSIVE;
				CLANG_CXX_LANGUAGE_STANDARD = "gnu++17";
				CLANG_CXX_LIBRARY = "libc++";
				CLANG_ENABLE_MODULES = YES;
				CLANG_ENABLE_OBJC_ARC = YES;
				CLANG_ENABLE_OBJC_WEAK = YES;
				CLANG_WARN_BLOCK_CAPTURE_AUTORELEASING = YES;
				CLANG_WARN_BOOL_CONVERSION = YES;
				CLANG_WARN_COMMA = YES;
				CLANG_WARN_CONSTANT_CONVERSION = YES;
				CLANG_WARN_DEPRECATED_OBJC_IMPLEMENTATIONS = YES;
				CLANG_WARN_DIRECT_OBJC_ISA_USAGE = YES_ERROR;
				CLANG_WARN_DOCUMENTATION_COMMENTS = YES;
				CLANG_WARN_EMPTY_BODY = YES;
				CLANG_WARN_ENUM_CONVERSION = YES;
				CLANG_WARN_INFINITE_RECURSION = YES;
				CLANG_WARN_INT_CONVERSION = YES;
				CLANG_WARN_NON_LITERAL_NULL_CONVERSION = YES;
				CLANG_WARN_OBJC_IMPLICIT_RETAIN_SELF = YES;
				CLANG_WARN_OBJC_LITERAL_CONVERSION = YES;
				CLANG_WARN_OBJC_ROOT_CLASS = YES_ERROR;
				CLANG_WARN_QUOTED_INCLUDE_IN_FRAMEWORK_HEADER = YES;
				CLANG_WARN_RANGE_LOOP_ANALYSIS = YES;
				CLANG_WARN_STRICT_PROTOTYPES = YES;
				CLANG_WARN_SUSPICIOUS_MOVE = YES;
				CLANG_WARN_UNGUARDED_AVAILABILITY = YES_AGGRESSIVE;
				CLANG_WARN_UNREACHABLE_CODE = YES;
				CLANG_WARN__DUPLICATE_METHOD_MATCH = YES;
				COPY_PHASE_STRIP = NO;
				DEBUG_INFORMATION_FORMAT = dwarf;
				ENABLE_STRICT_OBJC_MSGSEND = YES;
				ENABLE_TESTABILITY = YES;
				GCC_C_LANGUAGE_STANDARD = gnu11;
				GCC_DYNAMIC_NO_PIC = NO;
				GCC_NO_COMMON_BLOCKS = YES;
				GCC_OPTIMIZATION_LEVEL = 0;
				GCC_PREPROCESSOR_DEFINITIONS = (
					"DEBUG=1",
					"$(inherited)",
				);
				GCC_WARN_64_TO_32_BIT_CONVERSION = YES;
				GCC_WARN_ABOUT_RETURN_TYPE = YES_ERROR;
				GCC_WARN_UNDECLARED_SELECTOR = YES;
				GCC_WARN_UNINITIALIZED_AUTOS = YES_AGGRESSIVE;
				GCC_WARN_UNUSED_FUNCTION = YES;
				GCC_WARN_UNUSED_VARIABLE = YES;
				IPHONEOS_DEPLOYMENT_TARGET = 15.2;
				MTL_ENABLE_DEBUG_INFO = INCLUDE_SOURCE;
				MTL_FAST_MATH = YES;
				ONLY_ACTIVE_ARCH = YES;
				SDKROOT = iphoneos;
				SWIFT_ACTIVE_COMPILATION_CONDITIONS = DEBUG;
				SWIFT_OPTIMIZATION_LEVEL = "-Onone";
			};
			name = Debug;
		};
		32F9FE7C27CAA8FF00363642 /* Release */ = {
			isa = XCBuildConfiguration;
			buildSettings = {
				ALWAYS_SEARCH_USER_PATHS = NO;
				CLANG_ANALYZER_NONNULL = YES;
				CLANG_ANALYZER_NUMBER_OBJECT_CONVERSION = YES_AGGRESSIVE;
				CLANG_CXX_LANGUAGE_STANDARD = "gnu++17";
				CLANG_CXX_LIBRARY = "libc++";
				CLANG_ENABLE_MODULES = YES;
				CLANG_ENABLE_OBJC_ARC = YES;
				CLANG_ENABLE_OBJC_WEAK = YES;
				CLANG_WARN_BLOCK_CAPTURE_AUTORELEASING = YES;
				CLANG_WARN_BOOL_CONVERSION = YES;
				CLANG_WARN_COMMA = YES;
				CLANG_WARN_CONSTANT_CONVERSION = YES;
				CLANG_WARN_DEPRECATED_OBJC_IMPLEMENTATIONS = YES;
				CLANG_WARN_DIRECT_OBJC_ISA_USAGE = YES_ERROR;
				CLANG_WARN_DOCUMENTATION_COMMENTS = YES;
				CLANG_WARN_EMPTY_BODY = YES;
				CLANG_WARN_ENUM_CONVERSION = YES;
				CLANG_WARN_INFINITE_RECURSION = YES;
				CLANG_WARN_INT_CONVERSION = YES;
				CLANG_WARN_NON_LITERAL_NULL_CONVERSION = YES;
				CLANG_WARN_OBJC_IMPLICIT_RETAIN_SELF = YES;
				CLANG_WARN_OBJC_LITERAL_CONVERSION = YES;
				CLANG_WARN_OBJC_ROOT_CLASS = YES_ERROR;
				CLANG_WARN_QUOTED_INCLUDE_IN_FRAMEWORK_HEADER = YES;
				CLANG_WARN_RANGE_LOOP_ANALYSIS = YES;
				CLANG_WARN_STRICT_PROTOTYPES = YES;
				CLANG_WARN_SUSPICIOUS_MOVE = YES;
				CLANG_WARN_UNGUARDED_AVAILABILITY = YES_AGGRESSIVE;
				CLANG_WARN_UNREACHABLE_CODE = YES;
				CLANG_WARN__DUPLICATE_METHOD_MATCH = YES;
				COPY_PHASE_STRIP = NO;
				DEBUG_INFORMATION_FORMAT = "dwarf-with-dsym";
				ENABLE_NS_ASSERTIONS = NO;
				ENABLE_STRICT_OBJC_MSGSEND = YES;
				GCC_C_LANGUAGE_STANDARD = gnu11;
				GCC_NO_COMMON_BLOCKS = YES;
				GCC_WARN_64_TO_32_BIT_CONVERSION = YES;
				GCC_WARN_ABOUT_RETURN_TYPE = YES_ERROR;
				GCC_WARN_UNDECLARED_SELECTOR = YES;
				GCC_WARN_UNINITIALIZED_AUTOS = YES_AGGRESSIVE;
				GCC_WARN_UNUSED_FUNCTION = YES;
				GCC_WARN_UNUSED_VARIABLE = YES;
				IPHONEOS_DEPLOYMENT_TARGET = 15.2;
				MTL_ENABLE_DEBUG_INFO = NO;
				MTL_FAST_MATH = YES;
				SDKROOT = iphoneos;
				SWIFT_COMPILATION_MODE = wholemodule;
				SWIFT_OPTIMIZATION_LEVEL = "-O";
				VALIDATE_PRODUCT = YES;
			};
			name = Release;
		};
		32F9FE7E27CAA8FF00363642 /* Debug */ = {
			isa = XCBuildConfiguration;
			buildSettings = {
				ASSETCATALOG_COMPILER_APPICON_NAME = AppIcon;
				ASSETCATALOG_COMPILER_GLOBAL_ACCENT_COLOR_NAME = AccentColor;
				CODE_SIGN_STYLE = Automatic;
				CURRENT_PROJECT_VERSION = 1;
				DEVELOPMENT_TEAM = Z4KLVDQN38;
				GENERATE_INFOPLIST_FILE = YES;
				INFOPLIST_FILE = Flashcards/Info.plist;
				INFOPLIST_KEY_UIApplicationSupportsIndirectInputEvents = YES;
				INFOPLIST_KEY_UILaunchStoryboardName = LaunchScreen;
				INFOPLIST_KEY_UIMainStoryboardFile = Main;
				INFOPLIST_KEY_UISupportedInterfaceOrientations_iPad = "UIInterfaceOrientationPortrait UIInterfaceOrientationPortraitUpsideDown UIInterfaceOrientationLandscapeLeft UIInterfaceOrientationLandscapeRight";
				INFOPLIST_KEY_UISupportedInterfaceOrientations_iPhone = "UIInterfaceOrientationPortrait UIInterfaceOrientationLandscapeLeft UIInterfaceOrientationLandscapeRight";
				LD_RUNPATH_SEARCH_PATHS = (
					"$(inherited)",
					"@executable_path/Frameworks",
				);
				MARKETING_VERSION = 1.0;
				PRODUCT_BUNDLE_IDENTIFIER = ife.Flashcards;
				PRODUCT_NAME = "$(TARGET_NAME)";
				SWIFT_EMIT_LOC_STRINGS = YES;
				SWIFT_VERSION = 5.0;
				TARGETED_DEVICE_FAMILY = "1,2";
			};
			name = Debug;
		};
		32F9FE7F27CAA8FF00363642 /* Release */ = {
			isa = XCBuildConfiguration;
			buildSettings = {
				ASSETCATALOG_COMPILER_APPICON_NAME = AppIcon;
				ASSETCATALOG_COMPILER_GLOBAL_ACCENT_COLOR_NAME = AccentColor;
				CODE_SIGN_STYLE = Automatic;
				CURRENT_PROJECT_VERSION = 1;
				DEVELOPMENT_TEAM = Z4KLVDQN38;
				GENERATE_INFOPLIST_FILE = YES;
				INFOPLIST_FILE = Flashcards/Info.plist;
				INFOPLIST_KEY_UIApplicationSupportsIndirectInputEvents = YES;
				INFOPLIST_KEY_UILaunchStoryboardName = LaunchScreen;
				INFOPLIST_KEY_UIMainStoryboardFile = Main;
				INFOPLIST_KEY_UISupportedInterfaceOrientations_iPad = "UIInterfaceOrientationPortrait UIInterfaceOrientationPortraitUpsideDown UIInterfaceOrientationLandscapeLeft UIInterfaceOrientationLandscapeRight";
				INFOPLIST_KEY_UISupportedInterfaceOrientations_iPhone = "UIInterfaceOrientationPortrait UIInterfaceOrientationLandscapeLeft UIInterfaceOrientationLandscapeRight";
				LD_RUNPATH_SEARCH_PATHS = (
					"$(inherited)",
					"@executable_path/Frameworks",
				);
				MARKETING_VERSION = 1.0;
				PRODUCT_BUNDLE_IDENTIFIER = ife.Flashcards;
				PRODUCT_NAME = "$(TARGET_NAME)";
				SWIFT_EMIT_LOC_STRINGS = YES;
				SWIFT_VERSION = 5.0;
				TARGETED_DEVICE_FAMILY = "1,2";
			};
			name = Release;
		};
		32F9FE8127CAA8FF00363642 /* Debug */ = {
			isa = XCBuildConfiguration;
			buildSettings = {
				ALWAYS_EMBED_SWIFT_STANDARD_LIBRARIES = YES;
				BUNDLE_LOADER = "$(TEST_HOST)";
				CODE_SIGN_STYLE = Automatic;
				CURRENT_PROJECT_VERSION = 1;
				DEVELOPMENT_TEAM = Z4KLVDQN38;
				GENERATE_INFOPLIST_FILE = YES;
				IPHONEOS_DEPLOYMENT_TARGET = 15.2;
				MARKETING_VERSION = 1.0;
				PRODUCT_BUNDLE_IDENTIFIER = ife.FlashcardsTests;
				PRODUCT_NAME = "$(TARGET_NAME)";
				SWIFT_EMIT_LOC_STRINGS = NO;
				SWIFT_VERSION = 5.0;
				TARGETED_DEVICE_FAMILY = "1,2";
				TEST_HOST = "$(BUILT_PRODUCTS_DIR)/Flashcards.app/Flashcards";
			};
			name = Debug;
		};
		32F9FE8227CAA8FF00363642 /* Release */ = {
			isa = XCBuildConfiguration;
			buildSettings = {
				ALWAYS_EMBED_SWIFT_STANDARD_LIBRARIES = YES;
				BUNDLE_LOADER = "$(TEST_HOST)";
				CODE_SIGN_STYLE = Automatic;
				CURRENT_PROJECT_VERSION = 1;
				DEVELOPMENT_TEAM = Z4KLVDQN38;
				GENERATE_INFOPLIST_FILE = YES;
				IPHONEOS_DEPLOYMENT_TARGET = 15.2;
				MARKETING_VERSION = 1.0;
				PRODUCT_BUNDLE_IDENTIFIER = ife.FlashcardsTests;
				PRODUCT_NAME = "$(TARGET_NAME)";
				SWIFT_EMIT_LOC_STRINGS = NO;
				SWIFT_VERSION = 5.0;
				TARGETED_DEVICE_FAMILY = "1,2";
				TEST_HOST = "$(BUILT_PRODUCTS_DIR)/Flashcards.app/Flashcards";
			};
			name = Release;
		};
		32F9FE8427CAA8FF00363642 /* Debug */ = {
			isa = XCBuildConfiguration;
			buildSettings = {
				ALWAYS_EMBED_SWIFT_STANDARD_LIBRARIES = YES;
				CODE_SIGN_STYLE = Automatic;
				CURRENT_PROJECT_VERSION = 1;
				DEVELOPMENT_TEAM = Z4KLVDQN38;
				GENERATE_INFOPLIST_FILE = YES;
				MARKETING_VERSION = 1.0;
				PRODUCT_BUNDLE_IDENTIFIER = ife.FlashcardsUITests;
				PRODUCT_NAME = "$(TARGET_NAME)";
				SWIFT_EMIT_LOC_STRINGS = NO;
				SWIFT_VERSION = 5.0;
				TARGETED_DEVICE_FAMILY = "1,2";
				TEST_TARGET_NAME = Flashcards;
			};
			name = Debug;
		};
		32F9FE8527CAA8FF00363642 /* Release */ = {
			isa = XCBuildConfiguration;
			buildSettings = {
				ALWAYS_EMBED_SWIFT_STANDARD_LIBRARIES = YES;
				CODE_SIGN_STYLE = Automatic;
				CURRENT_PROJECT_VERSION = 1;
				DEVELOPMENT_TEAM = Z4KLVDQN38;
				GENERATE_INFOPLIST_FILE = YES;
				MARKETING_VERSION = 1.0;
				PRODUCT_BUNDLE_IDENTIFIER = ife.FlashcardsUITests;
				PRODUCT_NAME = "$(TARGET_NAME)";
				SWIFT_EMIT_LOC_STRINGS = NO;
				SWIFT_VERSION = 5.0;
				TARGETED_DEVICE_FAMILY = "1,2";
				TEST_TARGET_NAME = Flashcards;
			};
			name = Release;
		};
/* End XCBuildConfiguration section */

/* Begin XCConfigurationList section */
		32F9FE4E27CAA8FE00363642 /* Build configuration list for PBXProject "Flashcards" */ = {
			isa = XCConfigurationList;
			buildConfigurations = (
				32F9FE7B27CAA8FF00363642 /* Debug */,
				32F9FE7C27CAA8FF00363642 /* Release */,
			);
			defaultConfigurationIsVisible = 0;
			defaultConfigurationName = Release;
		};
		32F9FE7D27CAA8FF00363642 /* Build configuration list for PBXNativeTarget "Flashcards" */ = {
			isa = XCConfigurationList;
			buildConfigurations = (
				32F9FE7E27CAA8FF00363642 /* Debug */,
				32F9FE7F27CAA8FF00363642 /* Release */,
			);
			defaultConfigurationIsVisible = 0;
			defaultConfigurationName = Release;
		};
		32F9FE8027CAA8FF00363642 /* Build configuration list for PBXNativeTarget "FlashcardsTests" */ = {
			isa = XCConfigurationList;
			buildConfigurations = (
				32F9FE8127CAA8FF00363642 /* Debug */,
				32F9FE8227CAA8FF00363642 /* Release */,
			);
			defaultConfigurationIsVisible = 0;
			defaultConfigurationName = Release;
		};
		32F9FE8327CAA8FF00363642 /* Build configuration list for PBXNativeTarget "FlashcardsUITests" */ = {
			isa = XCConfigurationList;
			buildConfigurations = (
				32F9FE8427CAA8FF00363642 /* Debug */,
				32F9FE8527CAA8FF00363642 /* Release */,
			);
			defaultConfigurationIsVisible = 0;
			defaultConfigurationName = Release;
		};
/* End XCConfigurationList section */
	};
	rootObject = 32F9FE4B27CAA8FE00363642 /* Project object */;
}
